
Microsoft Visual Studio Solution File, Format Version 12.00
# Visual Studio Version 17
VisualStudioVersion = 17.4.33205.214
MinimumVisualStudioVersion = 10.0.40219.1
Project("{FAE04EC0-301F-11D3-BF4B-00C04F79EFBC}") = "DS2-Param-Extract", "DS2-Param-Extract\DS2-Param-Extract.csproj", "{01AB4981-CEA8-4896-8A6F-137E54207DFF}"
EndProject
Global
	GlobalSection(SolutionConfigurationPlatforms) = preSolution
		Debug|Any CPU = Debug|Any CPU
		Release|Any CPU = Release|Any CPU
	EndGlobalSection
	GlobalSection(ProjectConfigurationPlatforms) = postSolution
		{01AB4981-CEA8-4896-8A6F-137E54207DFF}.Debug|Any CPU.ActiveCfg = Debug|Any CPU
		{01AB4981-CEA8-4896-8A6F-137E54207DFF}.Debug|Any CPU.Build.0 = Debug|Any CPU
		{01AB4981-CEA8-4896-8A6F-137E54207DFF}.Release|Any CPU.ActiveCfg = Release|Any CPU
		{01AB4981-CEA8-4896-8A6F-137E54207DFF}.Release|Any CPU.Build.0 = Release|Any CPU
	EndGlobalSection
	GlobalSection(SolutionProperties) = preSolution
		HideSolutionNode = FALSE
	EndGlobalSection
	GlobalSection(ExtensibilityGlobals) = postSolution
		SolutionGuid = {4440AF06-929F-4341-A22B-3DB70FCD268F}
	EndGlobalSection
EndGlobal
